{
  "nodes": {
    "agenix": {
      "inputs": {
        "darwin": [],
        "home-manager": [
          "home-manager"
        ],
        "nixpkgs": [
          "nixpkgs"
        ],
        "systems": [
          "systems"
        ]
      },
      "locked": {
        "lastModified": 1754433428,
        "narHash": "sha256-NA/FT2hVhKDftbHSwVnoRTFhes62+7dxZbxj5Gxvghs=",
        "owner": "ryantm",
        "repo": "agenix",
        "rev": "9edb1787864c4f59ae5074ad498b6272b3ec308d",
        "type": "github"
      },
      "original": {
        "owner": "ryantm",
        "repo": "agenix",
        "type": "github"
      }
    },
    "catppuccin": {
      "inputs": {
        "nixpkgs": [
          "nixpkgs"
        ]
      },
      "locked": {
        "lastModified": 1755850042,
        "narHash": "sha256-YooO7k/ufm8KGVqSAV9edGkv3Cm07cvINSP478sWppo=",
        "owner": "catppuccin",
        "repo": "nix",
        "rev": "233b344b42072b30a00fef1d8bb9ffb73bf1af3d",
        "type": "github"
      },
      "original": {
        "owner": "catppuccin",
        "repo": "nix",
        "type": "github"
      }
    },
    "chaotic": {
      "inputs": {
        "flake-schemas": "flake-schemas",
        "home-manager": "home-manager",
        "jovian": "jovian",
        "nixpkgs": "nixpkgs",
        "rust-overlay": "rust-overlay"
      },
      "locked": {
        "lastModified": 1755859279,
        "narHash": "sha256-yWx8vuyIlIDitOREOBs/ZjU67bl6oPc74AfV0QxvraQ=",
        "owner": "chaotic-cx",
        "repo": "nyx",
        "rev": "a970ec75b7a3ca5192476330ff0d10c4c2fc029e",
        "type": "github"
      },
      "original": {
        "owner": "chaotic-cx",
        "ref": "nyxpkgs-unstable",
        "repo": "nyx",
        "type": "github"
      }
    },
    "disko": {
      "inputs": {
        "nixpkgs": [
          "nixpkgs"
        ]
      },
      "locked": {
        "lastModified": 1755519972,
        "narHash": "sha256-bU4nqi3IpsUZJeyS8Jk85ytlX61i4b0KCxXX9YcOgVc=",
        "owner": "nix-community",
        "repo": "disko",
        "rev": "4073ff2f481f9ef3501678ff479ed81402caae6d",
        "type": "github"
      },
      "original": {
        "owner": "nix-community",
        "repo": "disko",
        "type": "github"
      }
    },
    "flake-compat": {
      "flake": false,
      "locked": {
        "lastModified": 1747046372,
        "narHash": "sha256-CIVLLkVgvHYbgI2UpXvIIBJ12HWgX+fjA8Xf8PUmqCY=",
        "owner": "edolstra",
        "repo": "flake-compat",
        "rev": "9100a0f413b0c601e0533d1d94ffd501ce2e7885",
        "type": "github"
      },
      "original": {
        "owner": "edolstra",
        "repo": "flake-compat",
        "type": "github"
      }
    },
    "flake-parts": {
      "inputs": {
        "nixpkgs-lib": "nixpkgs-lib"
      },
      "locked": {
        "lastModified": 1754487366,
        "narHash": "sha256-pHYj8gUBapuUzKV/kN/tR3Zvqc7o6gdFB9XKXIp1SQ8=",
        "owner": "hercules-ci",
        "repo": "flake-parts",
        "rev": "af66ad14b28a127c5c0f3bbb298218fc63528a18",
        "type": "github"
      },
      "original": {
        "owner": "hercules-ci",
        "repo": "flake-parts",
        "type": "github"
      }
    },
    "flake-schemas": {
      "locked": {
        "lastModified": 1721999734,
        "narHash": "sha256-G5CxYeJVm4lcEtaO87LKzOsVnWeTcHGKbKxNamNWgOw=",
        "rev": "0a5c42297d870156d9c57d8f99e476b738dcd982",
        "revCount": 75,
        "type": "tarball",
        "url": "https://api.flakehub.com/f/pinned/DeterminateSystems/flake-schemas/0.1.5/0190ef2f-61e0-794b-ba14-e82f225e55e6/source.tar.gz"
      },
      "original": {
        "type": "tarball",
        "url": "https://flakehub.com/f/DeterminateSystems/flake-schemas/%3D0.1.5.tar.gz"
      }
    },
    "flake-utils": {
      "inputs": {
        "systems": "systems"
      },
      "locked": {
        "lastModified": 1731533236,
        "narHash": "sha256-l0KFg5HjrsfsO/JpG+r7fRrqm12kzFHyUHqHCVpMMbI=",
        "owner": "numtide",
        "repo": "flake-utils",
        "rev": "11707dc2f618dd54ca8739b309ec4fc024de578b",
        "type": "github"
      },
      "original": {
        "owner": "numtide",
        "repo": "flake-utils",
        "type": "github"
      }
    },
    "fmway-lib": {
      "inputs": {
        "nixpkgs": [
          "nixpkgs"
        ]
      },
      "locked": {
        "lastModified": 1754957307,
        "narHash": "sha256-hT9TLJNO74mq1L2HnEznTAktjO/oU/euvaXzVI/GqK8=",
        "owner": "fmway",
        "repo": "lib",
        "rev": "ad5ed2c9b0cae37762e86bc35d4fd16125c64937",
        "type": "github"
      },
      "original": {
        "owner": "fmway",
        "repo": "lib",
        "type": "github"
      }
    },
    "fmway-modules": {
      "inputs": {
        "fmway-lib": [
          "fmway-lib"
        ]
      },
      "locked": {
        "lastModified": 1754996958,
        "narHash": "sha256-ZMv9AEMCvJFWawa910G47bJ9a0dt7IyOenMHJb0lKcI=",
        "owner": "fmway",
        "repo": "modules",
        "rev": "991e30d771c6ecfde401caf90445aaa185ffb565",
        "type": "github"
      },
      "original": {
        "owner": "fmway",
        "repo": "modules",
        "type": "github"
      }
    },
    "fmway-pkgs": {
      "inputs": {
        "nixpkgs": [
          "nixpkgs"
        ]
      },
      "locked": {
        "lastModified": 1755889442,
        "narHash": "sha256-kYzw4y2PT4llZkofCEuE5FUFQBPIHAOwqaSJZscD8jM=",
        "owner": "fmway",
        "repo": "pkgs",
        "rev": "2d67e2b370978d607df90b27381591b8fdc34f18",
        "type": "github"
      },
      "original": {
        "owner": "fmway",
        "repo": "pkgs",
        "type": "github"
      }
    },
    "git-hooks": {
      "inputs": {
        "flake-compat": "flake-compat",
        "gitignore": "gitignore",
        "nixpkgs": [
          "nixpkgs"
        ]
      },
      "locked": {
        "lastModified": 1755879220,
        "narHash": "sha256-2KZl6cU5rzEwXKMW369kLTzinJXXkF3TRExA6qEeVbc=",
        "owner": "cachix",
        "repo": "git-hooks.nix",
        "rev": "3ff4596663c8cbbffe06d863ee4c950bce2c3b78",
        "type": "github"
      },
      "original": {
        "owner": "cachix",
        "repo": "git-hooks.nix",
        "type": "github"
      }
    },
    "gitignore": {
      "inputs": {
        "nixpkgs": [
          "git-hooks",
          "nixpkgs"
        ]
      },
      "locked": {
        "lastModified": 1709087332,
        "narHash": "sha256-HG2cCnktfHsKV0s4XW83gU3F57gaTljL9KNSuG6bnQs=",
        "owner": "hercules-ci",
        "repo": "gitignore.nix",
        "rev": "637db329424fd7e46cf4185293b9cc8c88c95394",
        "type": "github"
      },
      "original": {
        "owner": "hercules-ci",
        "repo": "gitignore.nix",
        "type": "github"
      }
    },
    "h-m-m": {
      "inputs": {
        "nixpkgs": [
          "nixpkgs"
        ],
        "systems": [
          "systems"
        ]
      },
      "locked": {
        "lastModified": 1750409855,
        "narHash": "sha256-yxyhwFLDDoEscMZGApnPbIkljF4VdajIj1MG+Erp1/U=",
        "owner": "nadrad",
        "repo": "h-m-m",
        "rev": "b8873636844a1c00baaa091a518b89311227f463",
        "type": "github"
      },
      "original": {
        "owner": "nadrad",
        "repo": "h-m-m",
        "type": "github"
      }
    },
    "home-manager": {
      "inputs": {
        "nixpkgs": [
          "chaotic",
          "nixpkgs"
        ]
      },
      "locked": {
        "lastModified": 1755755322,
        "narHash": "sha256-spCxkNihCk3uT3LUrUwzdEAjLA/E0EtEgF3KVI05nlM=",
        "owner": "nix-community",
        "repo": "home-manager",
        "rev": "282b4c98de97da6667cb03de4f427371734bc39c",
        "type": "github"
      },
      "original": {
        "owner": "nix-community",
        "repo": "home-manager",
        "type": "github"
      }
    },
    "home-manager_2": {
      "inputs": {
        "nixpkgs": [
          "nixpkgs"
        ]
      },
      "locked": {
        "lastModified": 1755810213,
        "narHash": "sha256-QdenO8f0PTg+tC6HuSvngKcbRZA5oZKmjUT+MXKOLQg=",
        "owner": "nix-community",
        "repo": "home-manager",
        "rev": "6911d3e7f475f7b3558b4f5a6aba90fa86099baa",
        "type": "github"
      },
      "original": {
        "owner": "nix-community",
        "ref": "master",
        "repo": "home-manager",
        "type": "github"
      }
    },
    "ixx": {
      "inputs": {
        "flake-utils": [
          "nixvim",
          "nuschtosSearch",
          "flake-utils"
        ],
        "nixpkgs": [
          "nixvim",
          "nuschtosSearch",
          "nixpkgs"
        ]
      },
      "locked": {
        "lastModified": 1754860581,
        "narHash": "sha256-EM0IE63OHxXCOpDHXaTyHIOk2cNvMCGPqLt/IdtVxgk=",
        "owner": "NuschtOS",
        "repo": "ixx",
        "rev": "babfe85a876162c4acc9ab6fb4483df88fa1f281",
        "type": "github"
      },
      "original": {
        "owner": "NuschtOS",
        "ref": "v0.1.1",
        "repo": "ixx",
        "type": "github"
      }
    },
    "jovian": {
      "inputs": {
        "nix-github-actions": "nix-github-actions",
        "nixpkgs": [
          "chaotic",
          "nixpkgs"
        ]
      },
      "locked": {
        "lastModified": 1755670950,
        "narHash": "sha256-x84lAqhbz752SU6zZY1yixm9Cbz6kdHtJs/5XE1LKGk=",
        "owner": "Jovian-Experiments",
        "repo": "Jovian-NixOS",
        "rev": "7caed3afea56de2b68b74d7a3b580d5b8ca8f445",
        "type": "github"
      },
      "original": {
        "owner": "Jovian-Experiments",
        "repo": "Jovian-NixOS",
        "type": "github"
      }
    },
    "nix-github-actions": {
      "inputs": {
        "nixpkgs": [
          "chaotic",
          "jovian",
          "nixpkgs"
        ]
      },
      "locked": {
        "lastModified": 1729697500,
        "narHash": "sha256-VFTWrbzDlZyFHHb1AlKRiD/qqCJIripXKiCSFS8fAOY=",
        "owner": "zhaofengli",
        "repo": "nix-github-actions",
        "rev": "e418aeb728b6aa5ca8c5c71974e7159c2df1d8cf",
        "type": "github"
      },
      "original": {
        "owner": "zhaofengli",
        "ref": "matrix-name",
        "repo": "nix-github-actions",
        "type": "github"
      }
    },
    "nixos-hardware": {
      "locked": {
        "lastModified": 1755330281,
        "narHash": "sha256-aJHFJWP9AuI8jUGzI77LYcSlkA9wJnOIg4ZqftwNGXA=",
        "owner": "NixOS",
        "repo": "nixos-hardware",
        "rev": "3dac8a872557e0ca8c083cdcfc2f218d18e113b0",
        "type": "github"
      },
      "original": {
        "owner": "NixOS",
        "ref": "master",
        "repo": "nixos-hardware",
        "type": "github"
      }
    },
    "nixpkgs": {
      "locked": {
        "lastModified": 1755615617,
        "narHash": "sha256-HMwfAJBdrr8wXAkbGhtcby1zGFvs+StOp19xNsbqdOg=",
        "owner": "NixOS",
        "repo": "nixpkgs",
        "rev": "20075955deac2583bb12f07151c2df830ef346b4",
        "type": "github"
      },
      "original": {
        "owner": "NixOS",
        "ref": "nixos-unstable",
        "repo": "nixpkgs",
        "type": "github"
      }
    },
    "nixpkgs-lib": {
      "locked": {
        "lastModified": 1753579242,
        "narHash": "sha256-zvaMGVn14/Zz8hnp4VWT9xVnhc8vuL3TStRqwk22biA=",
        "owner": "nix-community",
        "repo": "nixpkgs.lib",
        "rev": "0f36c44e01a6129be94e3ade315a5883f0228a6e",
        "type": "github"
      },
      "original": {
        "owner": "nix-community",
        "repo": "nixpkgs.lib",
        "type": "github"
      }
    },
    "nixvim": {
      "inputs": {
        "flake-parts": [
          "flake-parts"
        ],
        "nixpkgs": [
          "nixpkgs"
        ],
        "nuschtosSearch": "nuschtosSearch",
        "systems": [
          "systems"
        ]
      },
      "locked": {
        "lastModified": 1755814403,
        "narHash": "sha256-2iULLpTIzhRF+7ppTlfAfTGqFJknKOPjjUHlm2lqFMs=",
        "owner": "nix-community",
        "repo": "nixvim",
        "rev": "d96069b1e14c7d9b756cc7c1dcf59f04ef35756b",
        "type": "github"
      },
      "original": {
        "owner": "nix-community",
        "repo": "nixvim",
        "type": "github"
      }
    },
    "nur": {
      "inputs": {
        "flake-parts": [
          "flake-parts"
        ],
        "nixpkgs": [
          "nixpkgs"
        ]
      },
      "locked": {
        "lastModified": 1755888813,
        "narHash": "sha256-E138YvDtlSuwf+m1Xgh5+yAnS83sl75YCV9+JUjfo6o=",
        "owner": "nix-community",
        "repo": "nur",
        "rev": "4306d2c060a176636f132e0db28dbbfc9d46e9eb",
        "type": "github"
      },
      "original": {
        "owner": "nix-community",
        "repo": "nur",
        "type": "github"
      }
    },
    "nuschtosSearch": {
      "inputs": {
        "flake-utils": "flake-utils",
        "ixx": "ixx",
        "nixpkgs": [
          "nixvim",
          "nixpkgs"
        ]
      },
      "locked": {
        "lastModified": 1755555503,
        "narHash": "sha256-WiOO7GUOsJ4/DoMy2IC5InnqRDSo2U11la48vCCIjjY=",
        "owner": "NuschtOS",
        "repo": "search",
        "rev": "6f3efef888b92e6520f10eae15b86ff537e1d2ea",
        "type": "github"
      },
      "original": {
        "owner": "NuschtOS",
        "repo": "search",
        "type": "github"
      }
    },
    "nxchad": {
      "inputs": {
        "flake-parts": [
          "flake-parts"
        ],
        "fmway-lib": [
          "fmway-lib"
        ],
        "fmway-modules": [
          "fmway-modules"
        ],
        "nixpkgs": [
          "nixpkgs"
        ],
        "nixvim": [
          "nixvim"
        ],
        "systems": [
          "systems"
        ]
      },
      "locked": {
        "lastModified": 1754971819,
        "narHash": "sha256-nPe6z1U3SjKCr66LKcWQynITXs/5VilRTbTaJgvi+Qg=",
        "owner": "fmway",
        "repo": "nxchad",
        "rev": "825282a75f95febdabdea20460e40d9330a8b556",
        "type": "github"
      },
      "original": {
        "owner": "fmway",
        "repo": "nxchad",
        "type": "github"
      }
    },
    "root": {
      "inputs": {
        "agenix": "agenix",
        "catppuccin": "catppuccin",
        "chaotic": "chaotic",
        "disko": "disko",
        "flake-parts": "flake-parts",
        "fmway-lib": "fmway-lib",
        "fmway-modules": "fmway-modules",
        "fmway-pkgs": "fmway-pkgs",
        "git-hooks": "git-hooks",
        "h-m-m": "h-m-m",
        "home-manager": "home-manager_2",
        "nixos-hardware": "nixos-hardware",
        "nixpkgs": [
          "chaotic",
          "nixpkgs"
        ],
        "nixvim": "nixvim",
        "nur": "nur",
        "nxchad": "nxchad",
        "systems": "systems_2",
        "waydroid_script": "waydroid_script",
        "zen-browser": "zen-browser"
      }
    },
    "rust-overlay": {
      "inputs": {
        "nixpkgs": [
          "chaotic",
          "nixpkgs"
        ]
      },
      "locked": {
        "lastModified": 1755743804,
        "narHash": "sha256-M6qT02voARH5e9eTXQBzpYIE/hAp6jPgBCyxLmw5uBM=",
        "owner": "oxalica",
        "repo": "rust-overlay",
        "rev": "80322e975e27d834451d6b66e63f8abae9d74bf2",
        "type": "github"
      },
      "original": {
        "owner": "oxalica",
        "repo": "rust-overlay",
        "type": "github"
      }
    },
    "systems": {
      "locked": {
        "lastModified": 1681028828,
        "narHash": "sha256-Vy1rq5AaRuLzOxct8nz4T6wlgyUR7zLU309k9mBC768=",
        "owner": "nix-systems",
        "repo": "default",
        "rev": "da67096a3b9bf56a91d16901293e51ba5b49a27e",
        "type": "github"
      },
      "original": {
        "owner": "nix-systems",
        "repo": "default",
        "type": "github"
      }
    },
    "systems_2": {
      "locked": {
        "lastModified": 1681028828,
        "narHash": "sha256-Vy1rq5AaRuLzOxct8nz4T6wlgyUR7zLU309k9mBC768=",
        "owner": "nix-systems",
        "repo": "default",
        "rev": "da67096a3b9bf56a91d16901293e51ba5b49a27e",
        "type": "github"
      },
      "original": {
        "owner": "nix-systems",
        "repo": "default",
        "type": "github"
      }
    },
    "waydroid_script": {
      "flake": false,
      "locked": {
        "lastModified": 1755513691,
        "narHash": "sha256-0Cs+7R+ltqO3CdCuxEhoalHAe7KEIqZ6et7c1OQvBRs=",
        "owner": "casualsnek",
        "repo": "waydroid_script",
        "rev": "db43c7c9cf98a869a4614389c4674ffadbcfdd9c",
        "type": "github"
      },
      "original": {
        "owner": "casualsnek",
        "repo": "waydroid_script",
        "type": "github"
      }
    },
    "zen-browser": {
      "inputs": {
        "home-manager": [
          "home-manager"
        ],
        "nixpkgs": [
          "nixpkgs"
        ]
      },
      "locked": {
        "lastModified": 1755836873,
        "narHash": "sha256-kqBx9zxViNZsg7rD2zqzOQgCWJF/VNrAn0/T1Q7RuBM=",
        "owner": "0xc000022070",
        "repo": "zen-browser-flake",
        "rev": "a1bb1b39bee59f537799d9937c6919544c841e5b",
        "type": "github"
      },
      "original": {
        "owner": "0xc000022070",
        "repo": "zen-browser-flake",
        "type": "github"
      }
    }
  },
  "root": "root",
  "version": 7
}
